
Microsoft Visual Studio Solution File, Format Version 12.00
# Visual Studio 14
VisualStudioVersion = 14.0.23107.0
MinimumVisualStudioVersion = 10.0.40219.1
Project("{8BB2217D-0F2D-49D1-97BC-3654ED321F3B}") = "Kasbah.Core", "src\Kasbah.Core\Kasbah.Core.xproj", "{4FA2549F-7826-4BC1-8E6A-BF657EE26697}"
EndProject
Project("{8BB2217D-0F2D-49D1-97BC-3654ED321F3B}") = "Kasbah.Core.ContentTree", "src\Kasbah.Core.ContentTree\Kasbah.Core.ContentTree.xproj", "{12349D7C-3C94-46E8-9041-C3CA4588EEE1}"
EndProject
Project("{8BB2217D-0F2D-49D1-97BC-3654ED321F3B}") = "Kasbah.Core.ContentTree.Npgsql", "src\Kasbah.Core.ContentTree.Npgsql\Kasbah.Core.ContentTree.Npgsql.xproj", "{4F42BB0E-13B7-4F21-BFB3-C9510D3AE63D}"
EndProject
Project("{8BB2217D-0F2D-49D1-97BC-3654ED321F3B}") = "Kasbah.Core.Events", "src\Kasbah.Core.Events\Kasbah.Core.Events.xproj", "{7C6D6BE6-DE6B-4135-BF5F-E4572DD85953}"
EndProject
Project("{2150E333-8FDC-42A3-9474-1A3956D46DE8}") = "Tests", "Tests", "{F9027D4E-7E6A-4654-8FEF-EA8064CA6E47}"
EndProject
Project("{8BB2217D-0F2D-49D1-97BC-3654ED321F3B}") = "Kasbah.Core.Tests", "test\Kasbah.Core.Tests\Kasbah.Core.Tests.xproj", "{7A8E6BB0-AA2F-4934-A1C3-AA0DE302B6DD}"
EndProject
Project("{8BB2217D-0F2D-49D1-97BC-3654ED321F3B}") = "Kasbah.Core.Events.Tests", "test\Kasbah.Core.Events.Tests\Kasbah.Core.Events.Tests.xproj", "{29BE5EA4-3B13-4E65-80E0-BC62E4FF479B}"
EndProject
Project("{8BB2217D-0F2D-49D1-97BC-3654ED321F3B}") = "Kasbah.Core.ContentTree.Npgsql.Tests", "test\Kasbah.Core.ContentTree.Npgsql.Tests\Kasbah.Core.ContentTree.Npgsql.Tests.xproj", "{C6886520-FC7E-4C05-B3A5-2251228B8FEB}"
EndProject
Project("{8BB2217D-0F2D-49D1-97BC-3654ED321F3B}") = "Kasbah.Core.Admin", "src\Kasbah.Core.Admin\Kasbah.Core.Admin.xproj", "{ACAD4D10-84EC-4B1E-B718-2F36B3B32E75}"
EndProject
Project("{8BB2217D-0F2D-49D1-97BC-3654ED321F3B}") = "Kasbah.Core.Events.Redis", "src\Kasbah.Core.Events.Redis\Kasbah.Core.Events.Redis.xproj", "{12128AC9-57EE-46E7-82C9-307EB6C6B42A}"
EndProject
Project("{8BB2217D-0F2D-49D1-97BC-3654ED321F3B}") = "Kasbah.Core.Index", "src\Kasbah.Core.Index\Kasbah.Core.Index.xproj", "{E6249CCB-1B06-4EED-B913-DF3D1B705336}"
EndProject
Project("{8BB2217D-0F2D-49D1-97BC-3654ED321F3B}") = "Kasbah.Core.Index.Solr", "src\Kasbah.Core.Index.Solr\Kasbah.Core.Index.Solr.xproj", "{B2947949-CA9B-42A0-BE2E-219E9B260DEC}"
EndProject
Project("{2150E333-8FDC-42A3-9474-1A3956D46DE8}") = "lib", "lib", "{FA80B101-80AC-4B35-AFB1-88D22F3A740F}"
EndProject
Project("{8BB2217D-0F2D-49D1-97BC-3654ED321F3B}") = "Redis", "lib\StackExchange.Redis\StackExchange.Redis\StackExchange\Redis\Redis.xproj", "{88D2214F-9DD5-4970-8FD9-CB9C1935B4D7}"
EndProject
Global
	GlobalSection(SolutionConfigurationPlatforms) = preSolution
		Debug|Any CPU = Debug|Any CPU
		Release|Any CPU = Release|Any CPU
	EndGlobalSection
	GlobalSection(ProjectConfigurationPlatforms) = postSolution
		{4FA2549F-7826-4BC1-8E6A-BF657EE26697}.Debug|Any CPU.ActiveCfg = Debug|Any CPU
		{4FA2549F-7826-4BC1-8E6A-BF657EE26697}.Debug|Any CPU.Build.0 = Debug|Any CPU
		{4FA2549F-7826-4BC1-8E6A-BF657EE26697}.Release|Any CPU.ActiveCfg = Release|Any CPU
		{4FA2549F-7826-4BC1-8E6A-BF657EE26697}.Release|Any CPU.Build.0 = Release|Any CPU
		{12349D7C-3C94-46E8-9041-C3CA4588EEE1}.Debug|Any CPU.ActiveCfg = Debug|Any CPU
		{12349D7C-3C94-46E8-9041-C3CA4588EEE1}.Debug|Any CPU.Build.0 = Debug|Any CPU
		{12349D7C-3C94-46E8-9041-C3CA4588EEE1}.Release|Any CPU.ActiveCfg = Release|Any CPU
		{12349D7C-3C94-46E8-9041-C3CA4588EEE1}.Release|Any CPU.Build.0 = Release|Any CPU
		{4F42BB0E-13B7-4F21-BFB3-C9510D3AE63D}.Debug|Any CPU.ActiveCfg = Debug|Any CPU
		{4F42BB0E-13B7-4F21-BFB3-C9510D3AE63D}.Debug|Any CPU.Build.0 = Debug|Any CPU
		{4F42BB0E-13B7-4F21-BFB3-C9510D3AE63D}.Release|Any CPU.ActiveCfg = Release|Any CPU
		{4F42BB0E-13B7-4F21-BFB3-C9510D3AE63D}.Release|Any CPU.Build.0 = Release|Any CPU
		{7C6D6BE6-DE6B-4135-BF5F-E4572DD85953}.Debug|Any CPU.ActiveCfg = Debug|Any CPU
		{7C6D6BE6-DE6B-4135-BF5F-E4572DD85953}.Debug|Any CPU.Build.0 = Debug|Any CPU
		{7C6D6BE6-DE6B-4135-BF5F-E4572DD85953}.Release|Any CPU.ActiveCfg = Release|Any CPU
		{7C6D6BE6-DE6B-4135-BF5F-E4572DD85953}.Release|Any CPU.Build.0 = Release|Any CPU
		{7A8E6BB0-AA2F-4934-A1C3-AA0DE302B6DD}.Debug|Any CPU.ActiveCfg = Debug|Any CPU
		{7A8E6BB0-AA2F-4934-A1C3-AA0DE302B6DD}.Debug|Any CPU.Build.0 = Debug|Any CPU
		{7A8E6BB0-AA2F-4934-A1C3-AA0DE302B6DD}.Release|Any CPU.ActiveCfg = Release|Any CPU
		{7A8E6BB0-AA2F-4934-A1C3-AA0DE302B6DD}.Release|Any CPU.Build.0 = Release|Any CPU
		{29BE5EA4-3B13-4E65-80E0-BC62E4FF479B}.Debug|Any CPU.ActiveCfg = Debug|Any CPU
		{29BE5EA4-3B13-4E65-80E0-BC62E4FF479B}.Debug|Any CPU.Build.0 = Debug|Any CPU
		{29BE5EA4-3B13-4E65-80E0-BC62E4FF479B}.Release|Any CPU.ActiveCfg = Release|Any CPU
		{29BE5EA4-3B13-4E65-80E0-BC62E4FF479B}.Release|Any CPU.Build.0 = Release|Any CPU
		{C6886520-FC7E-4C05-B3A5-2251228B8FEB}.Debug|Any CPU.ActiveCfg = Debug|Any CPU
		{C6886520-FC7E-4C05-B3A5-2251228B8FEB}.Debug|Any CPU.Build.0 = Debug|Any CPU
		{C6886520-FC7E-4C05-B3A5-2251228B8FEB}.Release|Any CPU.ActiveCfg = Release|Any CPU
		{C6886520-FC7E-4C05-B3A5-2251228B8FEB}.Release|Any CPU.Build.0 = Release|Any CPU
		{ACAD4D10-84EC-4B1E-B718-2F36B3B32E75}.Debug|Any CPU.ActiveCfg = Debug|Any CPU
		{ACAD4D10-84EC-4B1E-B718-2F36B3B32E75}.Debug|Any CPU.Build.0 = Debug|Any CPU
		{ACAD4D10-84EC-4B1E-B718-2F36B3B32E75}.Release|Any CPU.ActiveCfg = Release|Any CPU
		{ACAD4D10-84EC-4B1E-B718-2F36B3B32E75}.Release|Any CPU.Build.0 = Release|Any CPU
		{12128AC9-57EE-46E7-82C9-307EB6C6B42A}.Debug|Any CPU.ActiveCfg = Debug|Any CPU
		{12128AC9-57EE-46E7-82C9-307EB6C6B42A}.Debug|Any CPU.Build.0 = Debug|Any CPU
		{12128AC9-57EE-46E7-82C9-307EB6C6B42A}.Release|Any CPU.ActiveCfg = Release|Any CPU
		{12128AC9-57EE-46E7-82C9-307EB6C6B42A}.Release|Any CPU.Build.0 = Release|Any CPU
		{E6249CCB-1B06-4EED-B913-DF3D1B705336}.Debug|Any CPU.ActiveCfg = Debug|Any CPU
		{E6249CCB-1B06-4EED-B913-DF3D1B705336}.Debug|Any CPU.Build.0 = Debug|Any CPU
		{E6249CCB-1B06-4EED-B913-DF3D1B705336}.Release|Any CPU.ActiveCfg = Release|Any CPU
		{E6249CCB-1B06-4EED-B913-DF3D1B705336}.Release|Any CPU.Build.0 = Release|Any CPU
		{B2947949-CA9B-42A0-BE2E-219E9B260DEC}.Debug|Any CPU.ActiveCfg = Debug|Any CPU
		{B2947949-CA9B-42A0-BE2E-219E9B260DEC}.Debug|Any CPU.Build.0 = Debug|Any CPU
		{B2947949-CA9B-42A0-BE2E-219E9B260DEC}.Release|Any CPU.ActiveCfg = Release|Any CPU
		{B2947949-CA9B-42A0-BE2E-219E9B260DEC}.Release|Any CPU.Build.0 = Release|Any CPU
		{88D2214F-9DD5-4970-8FD9-CB9C1935B4D7}.Debug|Any CPU.ActiveCfg = Debug|Any CPU
		{88D2214F-9DD5-4970-8FD9-CB9C1935B4D7}.Debug|Any CPU.Build.0 = Debug|Any CPU
		{88D2214F-9DD5-4970-8FD9-CB9C1935B4D7}.Release|Any CPU.ActiveCfg = Release|Any CPU
		{88D2214F-9DD5-4970-8FD9-CB9C1935B4D7}.Release|Any CPU.Build.0 = Release|Any CPU
	EndGlobalSection
	GlobalSection(SolutionProperties) = preSolution
		HideSolutionNode = FALSE
	EndGlobalSection
	GlobalSection(NestedProjects) = preSolution
		{7A8E6BB0-AA2F-4934-A1C3-AA0DE302B6DD} = {F9027D4E-7E6A-4654-8FEF-EA8064CA6E47}
		{29BE5EA4-3B13-4E65-80E0-BC62E4FF479B} = {F9027D4E-7E6A-4654-8FEF-EA8064CA6E47}
		{C6886520-FC7E-4C05-B3A5-2251228B8FEB} = {F9027D4E-7E6A-4654-8FEF-EA8064CA6E47}
		{88D2214F-9DD5-4970-8FD9-CB9C1935B4D7} = {FA80B101-80AC-4B35-AFB1-88D22F3A740F}
	EndGlobalSection
EndGlobal
