
Microsoft Visual Studio Solution File, Format Version 12.00
# Visual Studio 14
VisualStudioVersion = 14.0.24720.0
MinimumVisualStudioVersion = 10.0.40219.1
Project("{8BB2217D-0F2D-49D1-97BC-3654ED321F3B}") = "Kasbah.Core", "src\Kasbah.Core\Kasbah.Core.xproj", "{77C0F93A-5B70-4545-AB14-1CEDCD937F60}"
EndProject
Project("{8BB2217D-0F2D-49D1-97BC-3654ED321F3B}") = "Kasbah.Core.ContentBroker", "src\Kasbah.Core.ContentBroker\Kasbah.Core.ContentBroker.xproj", "{21C4DD88-5430-4C3C-A7F6-CD1C994BD8CE}"
EndProject
Project("{8BB2217D-0F2D-49D1-97BC-3654ED321F3B}") = "Kasbah.Core.ContentTree", "src\Kasbah.Core.ContentTree\Kasbah.Core.ContentTree.xproj", "{D9A1F01D-2161-4FEB-A99C-03CDE0720B34}"
EndProject
Project("{8BB2217D-0F2D-49D1-97BC-3654ED321F3B}") = "Kasbah.Core.Events", "src\Kasbah.Core.Events\Kasbah.Core.Events.xproj", "{09841FBE-6C1A-4A24-A5CD-7B70B95B53C9}"
EndProject
Project("{8BB2217D-0F2D-49D1-97BC-3654ED321F3B}") = "Kasbah.Core.Index", "src\Kasbah.Core.Index\Kasbah.Core.Index.xproj", "{0D933BF9-7E4C-459D-B6FA-1F7C068C5EDB}"
EndProject
Project("{8BB2217D-0F2D-49D1-97BC-3654ED321F3B}") = "Kasbah.Core.ContentTree.Npgsql", "src\Kasbah.Core.ContentTree.Npgsql\Kasbah.Core.ContentTree.Npgsql.xproj", "{F75FBA8F-5C97-4855-9B80-0801667F2BB0}"
EndProject
Project("{8BB2217D-0F2D-49D1-97BC-3654ED321F3B}") = "Kasbah.Core.Events.InProc", "src\Kasbah.Core.Events.InProc\Kasbah.Core.Events.InProc.xproj", "{C3FD1798-B9D9-4B9C-8580-57F49FA9C260}"
EndProject
Project("{8BB2217D-0F2D-49D1-97BC-3654ED321F3B}") = "Kasbah.Core.Events.Redis", "src\Kasbah.Core.Events.Redis\Kasbah.Core.Events.Redis.xproj", "{266DA087-3A4C-4AA9-B944-B4D9C97A7203}"
EndProject
Project("{8BB2217D-0F2D-49D1-97BC-3654ED321F3B}") = "Kasbah.Core.Index.Lucene", "src\Kasbah.Core.Index.Lucene\Kasbah.Core.Index.Lucene.xproj", "{962E84CD-A840-43CA-B11C-5707246B8B4A}"
EndProject
Project("{8BB2217D-0F2D-49D1-97BC-3654ED321F3B}") = "Kasbah.Core.Index.Solr", "src\Kasbah.Core.Index.Solr\Kasbah.Core.Index.Solr.xproj", "{9936BCC3-A32C-4A1B-8A5E-E7F8A40CDA14}"
EndProject
Project("{2150E333-8FDC-42A3-9474-1A3956D46DE8}") = "lib", "lib", "{DC4A3071-B8F1-4C80-AF69-8BCBB4263E93}"
EndProject
Project("{2150E333-8FDC-42A3-9474-1A3956D46DE8}") = "tests", "tests", "{D794AFBE-57D9-4574-BFC4-6EEC917391BC}"
EndProject
Project("{8BB2217D-0F2D-49D1-97BC-3654ED321F3B}") = "Kasbah.Core.ContentTree.Npgsql.Tests", "test\Kasbah.Core.ContentTree.Npgsql.Tests\Kasbah.Core.ContentTree.Npgsql.Tests.xproj", "{E47F84B0-2E42-48AF-BBE2-31FB8F26BF46}"
EndProject
Project("{8BB2217D-0F2D-49D1-97BC-3654ED321F3B}") = "Kasbah.Core.ContentTree.Tests", "test\Kasbah.Core.ContentTree.Tests\Kasbah.Core.ContentTree.Tests.xproj", "{B4481B9A-F3F9-4D63-A043-374C5871E731}"
EndProject
Project("{8BB2217D-0F2D-49D1-97BC-3654ED321F3B}") = "Kasbah.Core.Events.Redis.Tests", "test\Kasbah.Core.Events.Redis.Tests\Kasbah.Core.Events.Redis.Tests.xproj", "{70123903-C1E4-462F-9590-A04A34785E6E}"
EndProject
Project("{8BB2217D-0F2D-49D1-97BC-3654ED321F3B}") = "Kasbah.Core.Events.Tests", "test\Kasbah.Core.Events.Tests\Kasbah.Core.Events.Tests.xproj", "{E67D62BD-57DF-4193-9F60-26C543856749}"
EndProject
Project("{8BB2217D-0F2D-49D1-97BC-3654ED321F3B}") = "Kasbah.Core.Index.Solr.Tests", "test\Kasbah.Core.Index.Solr.Tests\Kasbah.Core.Index.Solr.Tests.xproj", "{C82917FC-2F67-4120-8FE1-8EA8323C2292}"
EndProject
Project("{8BB2217D-0F2D-49D1-97BC-3654ED321F3B}") = "Kasbah.Core.Index.Tests", "test\Kasbah.Core.Index.Tests\Kasbah.Core.Index.Tests.xproj", "{BC947A39-5A08-45EC-86D4-74491044995B}"
EndProject
Project("{8BB2217D-0F2D-49D1-97BC-3654ED321F3B}") = "Kasbah.Core.Tests", "test\Kasbah.Core.Tests\Kasbah.Core.Tests.xproj", "{587D54B7-28D3-4DAC-BBCD-39C4FA3D1CC4}"
EndProject
Project("{8BB2217D-0F2D-49D1-97BC-3654ED321F3B}") = "Kasbah.Core.ContentBroker.Tests", "test\Kasbah.Core.ContentBroker.Tests\Kasbah.Core.ContentBroker.Tests.xproj", "{E8363746-07CB-4AF9-8B11-B760F227ED93}"
EndProject
Project("{8BB2217D-0F2D-49D1-97BC-3654ED321F3B}") = "Kasbah.Core.Cache", "src\Kasbah.Core.Cache\Kasbah.Core.Cache.xproj", "{C4443553-DE8D-43C6-8AA3-3F034F95D13C}"
EndProject
Global
	GlobalSection(SolutionConfigurationPlatforms) = preSolution
		Debug|Any CPU = Debug|Any CPU
		Release|Any CPU = Release|Any CPU
	EndGlobalSection
	GlobalSection(ProjectConfigurationPlatforms) = postSolution
		{77C0F93A-5B70-4545-AB14-1CEDCD937F60}.Debug|Any CPU.ActiveCfg = Debug|Any CPU
		{77C0F93A-5B70-4545-AB14-1CEDCD937F60}.Debug|Any CPU.Build.0 = Debug|Any CPU
		{77C0F93A-5B70-4545-AB14-1CEDCD937F60}.Release|Any CPU.ActiveCfg = Release|Any CPU
		{77C0F93A-5B70-4545-AB14-1CEDCD937F60}.Release|Any CPU.Build.0 = Release|Any CPU
		{21C4DD88-5430-4C3C-A7F6-CD1C994BD8CE}.Debug|Any CPU.ActiveCfg = Debug|Any CPU
		{21C4DD88-5430-4C3C-A7F6-CD1C994BD8CE}.Debug|Any CPU.Build.0 = Debug|Any CPU
		{21C4DD88-5430-4C3C-A7F6-CD1C994BD8CE}.Release|Any CPU.ActiveCfg = Release|Any CPU
		{21C4DD88-5430-4C3C-A7F6-CD1C994BD8CE}.Release|Any CPU.Build.0 = Release|Any CPU
		{D9A1F01D-2161-4FEB-A99C-03CDE0720B34}.Debug|Any CPU.ActiveCfg = Debug|Any CPU
		{D9A1F01D-2161-4FEB-A99C-03CDE0720B34}.Debug|Any CPU.Build.0 = Debug|Any CPU
		{D9A1F01D-2161-4FEB-A99C-03CDE0720B34}.Release|Any CPU.ActiveCfg = Release|Any CPU
		{D9A1F01D-2161-4FEB-A99C-03CDE0720B34}.Release|Any CPU.Build.0 = Release|Any CPU
		{09841FBE-6C1A-4A24-A5CD-7B70B95B53C9}.Debug|Any CPU.ActiveCfg = Debug|Any CPU
		{09841FBE-6C1A-4A24-A5CD-7B70B95B53C9}.Debug|Any CPU.Build.0 = Debug|Any CPU
		{09841FBE-6C1A-4A24-A5CD-7B70B95B53C9}.Release|Any CPU.ActiveCfg = Release|Any CPU
		{09841FBE-6C1A-4A24-A5CD-7B70B95B53C9}.Release|Any CPU.Build.0 = Release|Any CPU
		{0D933BF9-7E4C-459D-B6FA-1F7C068C5EDB}.Debug|Any CPU.ActiveCfg = Debug|Any CPU
		{0D933BF9-7E4C-459D-B6FA-1F7C068C5EDB}.Debug|Any CPU.Build.0 = Debug|Any CPU
		{0D933BF9-7E4C-459D-B6FA-1F7C068C5EDB}.Release|Any CPU.ActiveCfg = Release|Any CPU
		{0D933BF9-7E4C-459D-B6FA-1F7C068C5EDB}.Release|Any CPU.Build.0 = Release|Any CPU
		{F75FBA8F-5C97-4855-9B80-0801667F2BB0}.Debug|Any CPU.ActiveCfg = Debug|Any CPU
		{F75FBA8F-5C97-4855-9B80-0801667F2BB0}.Debug|Any CPU.Build.0 = Debug|Any CPU
		{F75FBA8F-5C97-4855-9B80-0801667F2BB0}.Release|Any CPU.ActiveCfg = Release|Any CPU
		{F75FBA8F-5C97-4855-9B80-0801667F2BB0}.Release|Any CPU.Build.0 = Release|Any CPU
		{C3FD1798-B9D9-4B9C-8580-57F49FA9C260}.Debug|Any CPU.ActiveCfg = Debug|Any CPU
		{C3FD1798-B9D9-4B9C-8580-57F49FA9C260}.Debug|Any CPU.Build.0 = Debug|Any CPU
		{C3FD1798-B9D9-4B9C-8580-57F49FA9C260}.Release|Any CPU.ActiveCfg = Release|Any CPU
		{C3FD1798-B9D9-4B9C-8580-57F49FA9C260}.Release|Any CPU.Build.0 = Release|Any CPU
		{266DA087-3A4C-4AA9-B944-B4D9C97A7203}.Debug|Any CPU.ActiveCfg = Debug|Any CPU
		{266DA087-3A4C-4AA9-B944-B4D9C97A7203}.Debug|Any CPU.Build.0 = Debug|Any CPU
		{266DA087-3A4C-4AA9-B944-B4D9C97A7203}.Release|Any CPU.ActiveCfg = Release|Any CPU
		{266DA087-3A4C-4AA9-B944-B4D9C97A7203}.Release|Any CPU.Build.0 = Release|Any CPU
		{962E84CD-A840-43CA-B11C-5707246B8B4A}.Debug|Any CPU.ActiveCfg = Debug|Any CPU
		{962E84CD-A840-43CA-B11C-5707246B8B4A}.Debug|Any CPU.Build.0 = Debug|Any CPU
		{962E84CD-A840-43CA-B11C-5707246B8B4A}.Release|Any CPU.ActiveCfg = Release|Any CPU
		{962E84CD-A840-43CA-B11C-5707246B8B4A}.Release|Any CPU.Build.0 = Release|Any CPU
		{9936BCC3-A32C-4A1B-8A5E-E7F8A40CDA14}.Debug|Any CPU.ActiveCfg = Debug|Any CPU
		{9936BCC3-A32C-4A1B-8A5E-E7F8A40CDA14}.Debug|Any CPU.Build.0 = Debug|Any CPU
		{9936BCC3-A32C-4A1B-8A5E-E7F8A40CDA14}.Release|Any CPU.ActiveCfg = Release|Any CPU
		{9936BCC3-A32C-4A1B-8A5E-E7F8A40CDA14}.Release|Any CPU.Build.0 = Release|Any CPU
		{E47F84B0-2E42-48AF-BBE2-31FB8F26BF46}.Debug|Any CPU.ActiveCfg = Debug|Any CPU
		{E47F84B0-2E42-48AF-BBE2-31FB8F26BF46}.Debug|Any CPU.Build.0 = Debug|Any CPU
		{E47F84B0-2E42-48AF-BBE2-31FB8F26BF46}.Release|Any CPU.ActiveCfg = Release|Any CPU
		{E47F84B0-2E42-48AF-BBE2-31FB8F26BF46}.Release|Any CPU.Build.0 = Release|Any CPU
		{B4481B9A-F3F9-4D63-A043-374C5871E731}.Debug|Any CPU.ActiveCfg = Debug|Any CPU
		{B4481B9A-F3F9-4D63-A043-374C5871E731}.Debug|Any CPU.Build.0 = Debug|Any CPU
		{B4481B9A-F3F9-4D63-A043-374C5871E731}.Release|Any CPU.ActiveCfg = Release|Any CPU
		{B4481B9A-F3F9-4D63-A043-374C5871E731}.Release|Any CPU.Build.0 = Release|Any CPU
		{70123903-C1E4-462F-9590-A04A34785E6E}.Debug|Any CPU.ActiveCfg = Debug|Any CPU
		{70123903-C1E4-462F-9590-A04A34785E6E}.Debug|Any CPU.Build.0 = Debug|Any CPU
		{70123903-C1E4-462F-9590-A04A34785E6E}.Release|Any CPU.ActiveCfg = Release|Any CPU
		{70123903-C1E4-462F-9590-A04A34785E6E}.Release|Any CPU.Build.0 = Release|Any CPU
		{E67D62BD-57DF-4193-9F60-26C543856749}.Debug|Any CPU.ActiveCfg = Debug|Any CPU
		{E67D62BD-57DF-4193-9F60-26C543856749}.Debug|Any CPU.Build.0 = Debug|Any CPU
		{E67D62BD-57DF-4193-9F60-26C543856749}.Release|Any CPU.ActiveCfg = Release|Any CPU
		{E67D62BD-57DF-4193-9F60-26C543856749}.Release|Any CPU.Build.0 = Release|Any CPU
		{C82917FC-2F67-4120-8FE1-8EA8323C2292}.Debug|Any CPU.ActiveCfg = Debug|Any CPU
		{C82917FC-2F67-4120-8FE1-8EA8323C2292}.Debug|Any CPU.Build.0 = Debug|Any CPU
		{C82917FC-2F67-4120-8FE1-8EA8323C2292}.Release|Any CPU.ActiveCfg = Release|Any CPU
		{C82917FC-2F67-4120-8FE1-8EA8323C2292}.Release|Any CPU.Build.0 = Release|Any CPU
		{BC947A39-5A08-45EC-86D4-74491044995B}.Debug|Any CPU.ActiveCfg = Debug|Any CPU
		{BC947A39-5A08-45EC-86D4-74491044995B}.Debug|Any CPU.Build.0 = Debug|Any CPU
		{BC947A39-5A08-45EC-86D4-74491044995B}.Release|Any CPU.ActiveCfg = Release|Any CPU
		{BC947A39-5A08-45EC-86D4-74491044995B}.Release|Any CPU.Build.0 = Release|Any CPU
		{587D54B7-28D3-4DAC-BBCD-39C4FA3D1CC4}.Debug|Any CPU.ActiveCfg = Debug|Any CPU
		{587D54B7-28D3-4DAC-BBCD-39C4FA3D1CC4}.Debug|Any CPU.Build.0 = Debug|Any CPU
		{587D54B7-28D3-4DAC-BBCD-39C4FA3D1CC4}.Release|Any CPU.ActiveCfg = Release|Any CPU
		{587D54B7-28D3-4DAC-BBCD-39C4FA3D1CC4}.Release|Any CPU.Build.0 = Release|Any CPU
		{E8363746-07CB-4AF9-8B11-B760F227ED93}.Debug|Any CPU.ActiveCfg = Debug|Any CPU
		{E8363746-07CB-4AF9-8B11-B760F227ED93}.Debug|Any CPU.Build.0 = Debug|Any CPU
		{E8363746-07CB-4AF9-8B11-B760F227ED93}.Release|Any CPU.ActiveCfg = Release|Any CPU
		{E8363746-07CB-4AF9-8B11-B760F227ED93}.Release|Any CPU.Build.0 = Release|Any CPU
		{C4443553-DE8D-43C6-8AA3-3F034F95D13C}.Debug|Any CPU.ActiveCfg = Debug|Any CPU
		{C4443553-DE8D-43C6-8AA3-3F034F95D13C}.Debug|Any CPU.Build.0 = Debug|Any CPU
		{C4443553-DE8D-43C6-8AA3-3F034F95D13C}.Release|Any CPU.ActiveCfg = Release|Any CPU
		{C4443553-DE8D-43C6-8AA3-3F034F95D13C}.Release|Any CPU.Build.0 = Release|Any CPU
	EndGlobalSection
	GlobalSection(SolutionProperties) = preSolution
		HideSolutionNode = FALSE
	EndGlobalSection
	GlobalSection(NestedProjects) = preSolution
		{E47F84B0-2E42-48AF-BBE2-31FB8F26BF46} = {D794AFBE-57D9-4574-BFC4-6EEC917391BC}
		{B4481B9A-F3F9-4D63-A043-374C5871E731} = {D794AFBE-57D9-4574-BFC4-6EEC917391BC}
		{70123903-C1E4-462F-9590-A04A34785E6E} = {D794AFBE-57D9-4574-BFC4-6EEC917391BC}
		{E67D62BD-57DF-4193-9F60-26C543856749} = {D794AFBE-57D9-4574-BFC4-6EEC917391BC}
		{C82917FC-2F67-4120-8FE1-8EA8323C2292} = {D794AFBE-57D9-4574-BFC4-6EEC917391BC}
		{BC947A39-5A08-45EC-86D4-74491044995B} = {D794AFBE-57D9-4574-BFC4-6EEC917391BC}
		{587D54B7-28D3-4DAC-BBCD-39C4FA3D1CC4} = {D794AFBE-57D9-4574-BFC4-6EEC917391BC}
		{E8363746-07CB-4AF9-8B11-B760F227ED93} = {D794AFBE-57D9-4574-BFC4-6EEC917391BC}
	EndGlobalSection
EndGlobal
